// !$*UTF8*$!
{
	archiveVersion = 1;
	classes = {
	};
	objectVersion = 56;
	objects = {

/* Begin PBXBuildFile section */
		6FE3DA7D2BFCADC90011776A /* NotasApp.swift in Sources */ = {isa = PBXBuildFile; fileRef = 6FE3DA7C2BFCADC90011776A /* NotasApp.swift */; };
		6FE3DA7F2BFCADC90011776A /* ContentView.swift in Sources */ = {isa = PBXBuildFile; fileRef = 6FE3DA7E2BFCADC90011776A /* ContentView.swift */; };
		6FE3DA832BFCADCB0011776A /* Assets.xcassets in Resources */ = {isa = PBXBuildFile; fileRef = 6FE3DA822BFCADCB0011776A /* Assets.xcassets */; };
		6FE3DA862BFCADCB0011776A /* Preview Assets.xcassets in Resources */ = {isa = PBXBuildFile; fileRef = 6FE3DA852BFCADCB0011776A /* Preview Assets.xcassets */; };
		6FE3DA8D2BFCAE360011776A /* Note.swift in Sources */ = {isa = PBXBuildFile; fileRef = 6FE3DA8C2BFCAE360011776A /* Note.swift */; };
		6FE3DA902BFCAF070011776A /* ViewModel.swift in Sources */ = {isa = PBXBuildFile; fileRef = 6FE3DA8F2BFCAF070011776A /* ViewModel.swift */; };
		6FE3DA922BFCB2520011776A /* CreateNoteView.swift in Sources */ = {isa = PBXBuildFile; fileRef = 6FE3DA912BFCB2520011776A /* CreateNoteView.swift */; };
		6FE3DA942BFCB5A30011776A /* UpdateNoteView.swift in Sources */ = {isa = PBXBuildFile; fileRef = 6FE3DA932BFCB5A30011776A /* UpdateNoteView.swift */; };
		6FE3DA9D2BFCBA9B0011776A /* NoteTests.swift in Sources */ = {isa = PBXBuildFile; fileRef = 6FE3DA9C2BFCBA9B0011776A /* NoteTests.swift */; };
		6FE3DAA42BFCBFB90011776A /* ViewModelTest.swift in Sources */ = {isa = PBXBuildFile; fileRef = 6FE3DAA32BFCBFB90011776A /* ViewModelTest.swift */; };
		6FE3DAA62BFCDB670011776A /* NotesDatabase.swift in Sources */ = {isa = PBXBuildFile; fileRef = 6FE3DAA52BFCDB670011776A /* NotesDatabase.swift */; };
		6FE3DAA82BFCDF6D0011776A /* CreateNoteUseCase.swift in Sources */ = {isa = PBXBuildFile; fileRef = 6FE3DAA72BFCDF6D0011776A /* CreateNoteUseCase.swift */; };
		6FE3DAAA2BFCE0010011776A /* FetchAllNotesUseCase.swift in Sources */ = {isa = PBXBuildFile; fileRef = 6FE3DAA92BFCE0010011776A /* FetchAllNotesUseCase.swift */; };
		6FE3DAAC2BFCE77A0011776A /* ViewModelIntegrationTest.swift in Sources */ = {isa = PBXBuildFile; fileRef = 6FE3DAAB2BFCE77A0011776A /* ViewModelIntegrationTest.swift */; };
		6FE3DAAF2BFD2E810011776A /* UpdateNoteUseCase.swift in Sources */ = {isa = PBXBuildFile; fileRef = 6FE3DAAE2BFD2E810011776A /* UpdateNoteUseCase.swift */; };
		6FE3DAB12BFD2E9B0011776A /* RemoveNoteUseCase.swift in Sources */ = {isa = PBXBuildFile; fileRef = 6FE3DAB02BFD2E9B0011776A /* RemoveNoteUseCase.swift */; };
		6FE665842BFF173D004260F7 /* InlineSnapshotTesting in Frameworks */ = {isa = PBXBuildFile; productRef = 6FE665832BFF173D004260F7 /* InlineSnapshotTesting */; };
		6FE665862BFF173D004260F7 /* SnapshotTesting in Frameworks */ = {isa = PBXBuildFile; productRef = 6FE665852BFF173D004260F7 /* SnapshotTesting */; };
		6FE813BD2BFE2D4500B84350 /* Mocks.swift in Sources */ = {isa = PBXBuildFile; fileRef = 6FE813BC2BFE2D4500B84350 /* Mocks.swift */; };
		6FE813C02BFF138600B84350 /* CreateNoteViewSnapshotTest.swift in Sources */ = {isa = PBXBuildFile; fileRef = 6FE813BF2BFF138600B84350 /* CreateNoteViewSnapshotTest.swift */; };
/* End PBXBuildFile section */

/* Begin PBXContainerItemProxy section */
		6FE3DA9E2BFCBA9B0011776A /* PBXContainerItemProxy */ = {
			isa = PBXContainerItemProxy;
			containerPortal = 6FE3DA712BFCADC90011776A /* Project object */;
			proxyType = 1;
			remoteGlobalIDString = 6FE3DA782BFCADC90011776A;
			remoteInfo = Notas;
		};
/* End PBXContainerItemProxy section */

/* Begin PBXFileReference section */
		6FE3DA792BFCADC90011776A /* Notas.app */ = {isa = PBXFileReference; explicitFileType = wrapper.application; includeInIndex = 0; path = Notas.app; sourceTree = BUILT_PRODUCTS_DIR; };
		6FE3DA7C2BFCADC90011776A /* NotasApp.swift */ = {isa = PBXFileReference; lastKnownFileType = sourcecode.swift; path = NotasApp.swift; sourceTree = "<group>"; };
		6FE3DA7E2BFCADC90011776A /* ContentView.swift */ = {isa = PBXFileReference; lastKnownFileType = sourcecode.swift; path = ContentView.swift; sourceTree = "<group>"; };
		6FE3DA822BFCADCB0011776A /* Assets.xcassets */ = {isa = PBXFileReference; lastKnownFileType = folder.assetcatalog; path = Assets.xcassets; sourceTree = "<group>"; };
		6FE3DA852BFCADCB0011776A /* Preview Assets.xcassets */ = {isa = PBXFileReference; lastKnownFileType = folder.assetcatalog; path = "Preview Assets.xcassets"; sourceTree = "<group>"; };
		6FE3DA8C2BFCAE360011776A /* Note.swift */ = {isa = PBXFileReference; lastKnownFileType = sourcecode.swift; path = Note.swift; sourceTree = "<group>"; };
		6FE3DA8F2BFCAF070011776A /* ViewModel.swift */ = {isa = PBXFileReference; lastKnownFileType = sourcecode.swift; path = ViewModel.swift; sourceTree = "<group>"; };
		6FE3DA912BFCB2520011776A /* CreateNoteView.swift */ = {isa = PBXFileReference; lastKnownFileType = sourcecode.swift; path = CreateNoteView.swift; sourceTree = "<group>"; };
		6FE3DA932BFCB5A30011776A /* UpdateNoteView.swift */ = {isa = PBXFileReference; lastKnownFileType = sourcecode.swift; path = UpdateNoteView.swift; sourceTree = "<group>"; };
		6FE3DA9A2BFCBA9B0011776A /* NotasTests.xctest */ = {isa = PBXFileReference; explicitFileType = wrapper.cfbundle; includeInIndex = 0; path = NotasTests.xctest; sourceTree = BUILT_PRODUCTS_DIR; };
		6FE3DA9C2BFCBA9B0011776A /* NoteTests.swift */ = {isa = PBXFileReference; lastKnownFileType = sourcecode.swift; path = NoteTests.swift; sourceTree = "<group>"; };
		6FE3DAA32BFCBFB90011776A /* ViewModelTest.swift */ = {isa = PBXFileReference; lastKnownFileType = sourcecode.swift; path = ViewModelTest.swift; sourceTree = "<group>"; };
		6FE3DAA52BFCDB670011776A /* NotesDatabase.swift */ = {isa = PBXFileReference; lastKnownFileType = sourcecode.swift; path = NotesDatabase.swift; sourceTree = "<group>"; };
		6FE3DAA72BFCDF6D0011776A /* CreateNoteUseCase.swift */ = {isa = PBXFileReference; lastKnownFileType = sourcecode.swift; path = CreateNoteUseCase.swift; sourceTree = "<group>"; };
		6FE3DAA92BFCE0010011776A /* FetchAllNotesUseCase.swift */ = {isa = PBXFileReference; lastKnownFileType = sourcecode.swift; path = FetchAllNotesUseCase.swift; sourceTree = "<group>"; };
		6FE3DAAB2BFCE77A0011776A /* ViewModelIntegrationTest.swift */ = {isa = PBXFileReference; lastKnownFileType = sourcecode.swift; path = ViewModelIntegrationTest.swift; sourceTree = "<group>"; };
		6FE3DAAE2BFD2E810011776A /* UpdateNoteUseCase.swift */ = {isa = PBXFileReference; lastKnownFileType = sourcecode.swift; path = UpdateNoteUseCase.swift; sourceTree = "<group>"; };
		6FE3DAB02BFD2E9B0011776A /* RemoveNoteUseCase.swift */ = {isa = PBXFileReference; lastKnownFileType = sourcecode.swift; path = RemoveNoteUseCase.swift; sourceTree = "<group>"; };
		6FE813BC2BFE2D4500B84350 /* Mocks.swift */ = {isa = PBXFileReference; lastKnownFileType = sourcecode.swift; path = Mocks.swift; sourceTree = "<group>"; };
		6FE813BF2BFF138600B84350 /* CreateNoteViewSnapshotTest.swift */ = {isa = PBXFileReference; lastKnownFileType = sourcecode.swift; path = CreateNoteViewSnapshotTest.swift; sourceTree = "<group>"; };
/* End PBXFileReference section */

/* Begin PBXFrameworksBuildPhase section */
		6FE3DA762BFCADC90011776A /* Frameworks */ = {
			isa = PBXFrameworksBuildPhase;
			buildActionMask = 2147483647;
			files = (
			);
			runOnlyForDeploymentPostprocessing = 0;
		};
		6FE3DA972BFCBA9B0011776A /* Frameworks */ = {
			isa = PBXFrameworksBuildPhase;
			buildActionMask = 2147483647;
			files = (
				6FE665842BFF173D004260F7 /* InlineSnapshotTesting in Frameworks */,
				6FE665862BFF173D004260F7 /* SnapshotTesting in Frameworks */,
			);
			runOnlyForDeploymentPostprocessing = 0;
		};
/* End PBXFrameworksBuildPhase section */

/* Begin PBXGroup section */
		6FE3DA702BFCADC90011776A = {
			isa = PBXGroup;
			children = (
				6FE3DA7B2BFCADC90011776A /* Notas */,
				6FE3DA9B2BFCBA9B0011776A /* NotasTests */,
				6FE3DA7A2BFCADC90011776A /* Products */,
			);
			sourceTree = "<group>";
		};
		6FE3DA7A2BFCADC90011776A /* Products */ = {
			isa = PBXGroup;
			children = (
				6FE3DA792BFCADC90011776A /* Notas.app */,
				6FE3DA9A2BFCBA9B0011776A /* NotasTests.xctest */,
			);
			name = Products;
			sourceTree = "<group>";
		};
		6FE3DA7B2BFCADC90011776A /* Notas */ = {
			isa = PBXGroup;
			children = (
				6FE3DA7C2BFCADC90011776A /* NotasApp.swift */,
				6FE3DAA52BFCDB670011776A /* NotesDatabase.swift */,
				6FE3DAAD2BFD2E500011776A /* UseCases */,
				6FE3DA952BFCB9950011776A /* Views */,
				6FE3DA8E2BFCAEE10011776A /* Model */,
				6FE3DA822BFCADCB0011776A /* Assets.xcassets */,
				6FE3DA842BFCADCB0011776A /* Preview Content */,
			);
			path = Notas;
			sourceTree = "<group>";
		};
		6FE3DA842BFCADCB0011776A /* Preview Content */ = {
			isa = PBXGroup;
			children = (
				6FE3DA852BFCADCB0011776A /* Preview Assets.xcassets */,
			);
			path = "Preview Content";
			sourceTree = "<group>";
		};
		6FE3DA8E2BFCAEE10011776A /* Model */ = {
			isa = PBXGroup;
			children = (
				6FE3DA8C2BFCAE360011776A /* Note.swift */,
				6FE3DA8F2BFCAF070011776A /* ViewModel.swift */,
			);
			path = Model;
			sourceTree = "<group>";
		};
		6FE3DA952BFCB9950011776A /* Views */ = {
			isa = PBXGroup;
			children = (
				6FE3DA7E2BFCADC90011776A /* ContentView.swift */,
				6FE3DA912BFCB2520011776A /* CreateNoteView.swift */,
				6FE3DA932BFCB5A30011776A /* UpdateNoteView.swift */,
			);
			path = Views;
			sourceTree = "<group>";
		};
		6FE3DA9B2BFCBA9B0011776A /* NotasTests */ = {
			isa = PBXGroup;
			children = (
				6FE813C32BFF13C500B84350 /* SnapshotTests */,
				6FE813C22BFF13AC00B84350 /* IntegrationTests */,
				6FE813C12BFF139D00B84350 /* UnitTests */,
				6FE3DA9C2BFCBA9B0011776A /* NoteTests.swift */,
				6FE813BB2BFE2D2200B84350 /* Mocks */,
			);
			path = NotasTests;
			sourceTree = "<group>";
		};
		6FE3DAAD2BFD2E500011776A /* UseCases */ = {
			isa = PBXGroup;
			children = (
				6FE3DAA72BFCDF6D0011776A /* CreateNoteUseCase.swift */,
				6FE3DAA92BFCE0010011776A /* FetchAllNotesUseCase.swift */,
				6FE3DAAE2BFD2E810011776A /* UpdateNoteUseCase.swift */,
				6FE3DAB02BFD2E9B0011776A /* RemoveNoteUseCase.swift */,
			);
			path = UseCases;
			sourceTree = "<group>";
		};
		6FE813BB2BFE2D2200B84350 /* Mocks */ = {
			isa = PBXGroup;
			children = (
				6FE813BC2BFE2D4500B84350 /* Mocks.swift */,
			);
			path = Mocks;
			sourceTree = "<group>";
		};
		6FE813C12BFF139D00B84350 /* UnitTests */ = {
			isa = PBXGroup;
			children = (
				6FE3DAA32BFCBFB90011776A /* ViewModelTest.swift */,
			);
			path = UnitTests;
			sourceTree = "<group>";
		};
		6FE813C22BFF13AC00B84350 /* IntegrationTests */ = {
			isa = PBXGroup;
			children = (
				6FE3DAAB2BFCE77A0011776A /* ViewModelIntegrationTest.swift */,
			);
			path = IntegrationTests;
			sourceTree = "<group>";
		};
		6FE813C32BFF13C500B84350 /* SnapshotTests */ = {
			isa = PBXGroup;
			children = (
				6FE813BF2BFF138600B84350 /* CreateNoteViewSnapshotTest.swift */,
			);
			path = SnapshotTests;
			sourceTree = "<group>";
		};
/* End PBXGroup section */

/* Begin PBXNativeTarget section */
		6FE3DA782BFCADC90011776A /* Notas */ = {
			isa = PBXNativeTarget;
			buildConfigurationList = 6FE3DA892BFCADCB0011776A /* Build configuration list for PBXNativeTarget "Notas" */;
			buildPhases = (
				6FE3DA752BFCADC90011776A /* Sources */,
				6FE3DA762BFCADC90011776A /* Frameworks */,
				6FE3DA772BFCADC90011776A /* Resources */,
			);
			buildRules = (
			);
			dependencies = (
			);
			name = Notas;
			productName = Notas;
			productReference = 6FE3DA792BFCADC90011776A /* Notas.app */;
			productType = "com.apple.product-type.application";
		};
		6FE3DA992BFCBA9B0011776A /* NotasTests */ = {
			isa = PBXNativeTarget;
			buildConfigurationList = 6FE3DAA02BFCBA9B0011776A /* Build configuration list for PBXNativeTarget "NotasTests" */;
			buildPhases = (
				6FE3DA962BFCBA9B0011776A /* Sources */,
				6FE3DA972BFCBA9B0011776A /* Frameworks */,
				6FE3DA982BFCBA9B0011776A /* Resources */,
			);
			buildRules = (
			);
			dependencies = (
				6FE3DA9F2BFCBA9B0011776A /* PBXTargetDependency */,
			);
			name = NotasTests;
			packageProductDependencies = (
				6FE665832BFF173D004260F7 /* InlineSnapshotTesting */,
				6FE665852BFF173D004260F7 /* SnapshotTesting */,
			);
			productName = NotasTests;
			productReference = 6FE3DA9A2BFCBA9B0011776A /* NotasTests.xctest */;
			productType = "com.apple.product-type.bundle.unit-test";
		};
/* End PBXNativeTarget section */

/* Begin PBXProject section */
		6FE3DA712BFCADC90011776A /* Project object */ = {
			isa = PBXProject;
			attributes = {
				BuildIndependentTargetsInParallel = 1;
				LastSwiftUpdateCheck = 1520;
				LastUpgradeCheck = 1520;
				TargetAttributes = {
					6FE3DA782BFCADC90011776A = {
						CreatedOnToolsVersion = 15.2;
					};
					6FE3DA992BFCBA9B0011776A = {
						CreatedOnToolsVersion = 15.2;
						TestTargetID = 6FE3DA782BFCADC90011776A;
					};
				};
			};
			buildConfigurationList = 6FE3DA742BFCADC90011776A /* Build configuration list for PBXProject "Notas" */;
			compatibilityVersion = "Xcode 14.0";
			developmentRegion = en;
			hasScannedForEncodings = 0;
			knownRegions = (
				en,
				Base,
			);
			mainGroup = 6FE3DA702BFCADC90011776A;
			packageReferences = (
				6FE813BE2BFF135800B84350 /* XCRemoteSwiftPackageReference "swift-snapshot-testing" */,
			);
			productRefGroup = 6FE3DA7A2BFCADC90011776A /* Products */;
			projectDirPath = "";
			projectRoot = "";
			targets = (
				6FE3DA782BFCADC90011776A /* Notas */,
				6FE3DA992BFCBA9B0011776A /* NotasTests */,
			);
		};
/* End PBXProject section */

/* Begin PBXResourcesBuildPhase section */
		6FE3DA772BFCADC90011776A /* Resources */ = {
			isa = PBXResourcesBuildPhase;
			buildActionMask = 2147483647;
			files = (
				6FE3DA862BFCADCB0011776A /* Preview Assets.xcassets in Resources */,
				6FE3DA832BFCADCB0011776A /* Assets.xcassets in Resources */,
			);
			runOnlyForDeploymentPostprocessing = 0;
		};
		6FE3DA982BFCBA9B0011776A /* Resources */ = {
			isa = PBXResourcesBuildPhase;
			buildActionMask = 2147483647;
			files = (
			);
			runOnlyForDeploymentPostprocessing = 0;
		};
/* End PBXResourcesBuildPhase section */

/* Begin PBXSourcesBuildPhase section */
		6FE3DA752BFCADC90011776A /* Sources */ = {
			isa = PBXSourcesBuildPhase;
			buildActionMask = 2147483647;
			files = (
				6FE3DA902BFCAF070011776A /* ViewModel.swift in Sources */,
				6FE3DAA62BFCDB670011776A /* NotesDatabase.swift in Sources */,
				6FE3DAAF2BFD2E810011776A /* UpdateNoteUseCase.swift in Sources */,
				6FE3DA7F2BFCADC90011776A /* ContentView.swift in Sources */,
				6FE3DA7D2BFCADC90011776A /* NotasApp.swift in Sources */,
				6FE3DA942BFCB5A30011776A /* UpdateNoteView.swift in Sources */,
				6FE3DAA82BFCDF6D0011776A /* CreateNoteUseCase.swift in Sources */,
				6FE3DAAA2BFCE0010011776A /* FetchAllNotesUseCase.swift in Sources */,
				6FE3DAB12BFD2E9B0011776A /* RemoveNoteUseCase.swift in Sources */,
				6FE3DA922BFCB2520011776A /* CreateNoteView.swift in Sources */,
				6FE3DA8D2BFCAE360011776A /* Note.swift in Sources */,
			);
			runOnlyForDeploymentPostprocessing = 0;
		};
		6FE3DA962BFCBA9B0011776A /* Sources */ = {
			isa = PBXSourcesBuildPhase;
			buildActionMask = 2147483647;
			files = (
				6FE813C02BFF138600B84350 /* CreateNoteViewSnapshotTest.swift in Sources */,
				6FE3DAA42BFCBFB90011776A /* ViewModelTest.swift in Sources */,
				6FE3DA9D2BFCBA9B0011776A /* NoteTests.swift in Sources */,
				6FE3DAAC2BFCE77A0011776A /* ViewModelIntegrationTest.swift in Sources */,
				6FE813BD2BFE2D4500B84350 /* Mocks.swift in Sources */,
			);
			runOnlyForDeploymentPostprocessing = 0;
		};
/* End PBXSourcesBuildPhase section */

/* Begin PBXTargetDependency section */
		6FE3DA9F2BFCBA9B0011776A /* PBXTargetDependency */ = {
			isa = PBXTargetDependency;
			target = 6FE3DA782BFCADC90011776A /* Notas */;
			targetProxy = 6FE3DA9E2BFCBA9B0011776A /* PBXContainerItemProxy */;
		};
/* End PBXTargetDependency section */

/* Begin XCBuildConfiguration section */
		6FE3DA872BFCADCB0011776A /* Debug */ = {
			isa = XCBuildConfiguration;
			buildSettings = {
				ALWAYS_SEARCH_USER_PATHS = NO;
				ASSETCATALOG_COMPILER_GENERATE_SWIFT_ASSET_SYMBOL_EXTENSIONS = YES;
				CLANG_ANALYZER_NONNULL = YES;
				CLANG_ANALYZER_NUMBER_OBJECT_CONVERSION = YES_AGGRESSIVE;
				CLANG_CXX_LANGUAGE_STANDARD = "gnu++20";
				CLANG_ENABLE_MODULES = YES;
				CLANG_ENABLE_OBJC_ARC = YES;
				CLANG_ENABLE_OBJC_WEAK = YES;
				CLANG_WARN_BLOCK_CAPTURE_AUTORELEASING = YES;
				CLANG_WARN_BOOL_CONVERSION = YES;
				CLANG_WARN_COMMA = YES;
				CLANG_WARN_CONSTANT_CONVERSION = YES;
				CLANG_WARN_DEPRECATED_OBJC_IMPLEMENTATIONS = YES;
				CLANG_WARN_DIRECT_OBJC_ISA_USAGE = YES_ERROR;
				CLANG_WARN_DOCUMENTATION_COMMENTS = YES;
				CLANG_WARN_EMPTY_BODY = YES;
				CLANG_WARN_ENUM_CONVERSION = YES;
				CLANG_WARN_INFINITE_RECURSION = YES;
				CLANG_WARN_INT_CONVERSION = YES;
				CLANG_WARN_NON_LITERAL_NULL_CONVERSION = YES;
				CLANG_WARN_OBJC_IMPLICIT_RETAIN_SELF = YES;
				CLANG_WARN_OBJC_LITERAL_CONVERSION = YES;
				CLANG_WARN_OBJC_ROOT_CLASS = YES_ERROR;
				CLANG_WARN_QUOTED_INCLUDE_IN_FRAMEWORK_HEADER = YES;
				CLANG_WARN_RANGE_LOOP_ANALYSIS = YES;
				CLANG_WARN_STRICT_PROTOTYPES = YES;
				CLANG_WARN_SUSPICIOUS_MOVE = YES;
				CLANG_WARN_UNGUARDED_AVAILABILITY = YES_AGGRESSIVE;
				CLANG_WARN_UNREACHABLE_CODE = YES;
				CLANG_WARN__DUPLICATE_METHOD_MATCH = YES;
				COPY_PHASE_STRIP = NO;
				DEBUG_INFORMATION_FORMAT = dwarf;
				ENABLE_STRICT_OBJC_MSGSEND = YES;
				ENABLE_TESTABILITY = YES;
				ENABLE_USER_SCRIPT_SANDBOXING = YES;
				GCC_C_LANGUAGE_STANDARD = gnu17;
				GCC_DYNAMIC_NO_PIC = NO;
				GCC_NO_COMMON_BLOCKS = YES;
				GCC_OPTIMIZATION_LEVEL = 0;
				GCC_PREPROCESSOR_DEFINITIONS = (
					"DEBUG=1",
					"$(inherited)",
				);
				GCC_WARN_64_TO_32_BIT_CONVERSION = YES;
				GCC_WARN_ABOUT_RETURN_TYPE = YES_ERROR;
				GCC_WARN_UNDECLARED_SELECTOR = YES;
				GCC_WARN_UNINITIALIZED_AUTOS = YES_AGGRESSIVE;
				GCC_WARN_UNUSED_FUNCTION = YES;
				GCC_WARN_UNUSED_VARIABLE = YES;
				IPHONEOS_DEPLOYMENT_TARGET = 17.2;
				LOCALIZATION_PREFERS_STRING_CATALOGS = YES;
				MTL_ENABLE_DEBUG_INFO = INCLUDE_SOURCE;
				MTL_FAST_MATH = YES;
				ONLY_ACTIVE_ARCH = YES;
				SDKROOT = iphoneos;
				SWIFT_ACTIVE_COMPILATION_CONDITIONS = "DEBUG $(inherited)";
				SWIFT_OPTIMIZATION_LEVEL = "-Onone";
			};
			name = Debug;
		};
		6FE3DA882BFCADCB0011776A /* Release */ = {
			isa = XCBuildConfiguration;
			buildSettings = {
				ALWAYS_SEARCH_USER_PATHS = NO;
				ASSETCATALOG_COMPILER_GENERATE_SWIFT_ASSET_SYMBOL_EXTENSIONS = YES;
				CLANG_ANALYZER_NONNULL = YES;
				CLANG_ANALYZER_NUMBER_OBJECT_CONVERSION = YES_AGGRESSIVE;
				CLANG_CXX_LANGUAGE_STANDARD = "gnu++20";
				CLANG_ENABLE_MODULES = YES;
				CLANG_ENABLE_OBJC_ARC = YES;
				CLANG_ENABLE_OBJC_WEAK = YES;
				CLANG_WARN_BLOCK_CAPTURE_AUTORELEASING = YES;
				CLANG_WARN_BOOL_CONVERSION = YES;
				CLANG_WARN_COMMA = YES;
				CLANG_WARN_CONSTANT_CONVERSION = YES;
				CLANG_WARN_DEPRECATED_OBJC_IMPLEMENTATIONS = YES;
				CLANG_WARN_DIRECT_OBJC_ISA_USAGE = YES_ERROR;
				CLANG_WARN_DOCUMENTATION_COMMENTS = YES;
				CLANG_WARN_EMPTY_BODY = YES;
				CLANG_WARN_ENUM_CONVERSION = YES;
				CLANG_WARN_INFINITE_RECURSION = YES;
				CLANG_WARN_INT_CONVERSION = YES;
				CLANG_WARN_NON_LITERAL_NULL_CONVERSION = YES;
				CLANG_WARN_OBJC_IMPLICIT_RETAIN_SELF = YES;
				CLANG_WARN_OBJC_LITERAL_CONVERSION = YES;
				CLANG_WARN_OBJC_ROOT_CLASS = YES_ERROR;
				CLANG_WARN_QUOTED_INCLUDE_IN_FRAMEWORK_HEADER = YES;
				CLANG_WARN_RANGE_LOOP_ANALYSIS = YES;
				CLANG_WARN_STRICT_PROTOTYPES = YES;
				CLANG_WARN_SUSPICIOUS_MOVE = YES;
				CLANG_WARN_UNGUARDED_AVAILABILITY = YES_AGGRESSIVE;
				CLANG_WARN_UNREACHABLE_CODE = YES;
				CLANG_WARN__DUPLICATE_METHOD_MATCH = YES;
				COPY_PHASE_STRIP = NO;
				DEBUG_INFORMATION_FORMAT = "dwarf-with-dsym";
				ENABLE_NS_ASSERTIONS = NO;
				ENABLE_STRICT_OBJC_MSGSEND = YES;
				ENABLE_USER_SCRIPT_SANDBOXING = YES;
				GCC_C_LANGUAGE_STANDARD = gnu17;
				GCC_NO_COMMON_BLOCKS = YES;
				GCC_WARN_64_TO_32_BIT_CONVERSION = YES;
				GCC_WARN_ABOUT_RETURN_TYPE = YES_ERROR;
				GCC_WARN_UNDECLARED_SELECTOR = YES;
				GCC_WARN_UNINITIALIZED_AUTOS = YES_AGGRESSIVE;
				GCC_WARN_UNUSED_FUNCTION = YES;
				GCC_WARN_UNUSED_VARIABLE = YES;
				IPHONEOS_DEPLOYMENT_TARGET = 17.2;
				LOCALIZATION_PREFERS_STRING_CATALOGS = YES;
				MTL_ENABLE_DEBUG_INFO = NO;
				MTL_FAST_MATH = YES;
				SDKROOT = iphoneos;
				SWIFT_COMPILATION_MODE = wholemodule;
				VALIDATE_PRODUCT = YES;
			};
			name = Release;
		};
		6FE3DA8A2BFCADCB0011776A /* Debug */ = {
			isa = XCBuildConfiguration;
			buildSettings = {
				ASSETCATALOG_COMPILER_APPICON_NAME = AppIcon;
				ASSETCATALOG_COMPILER_GLOBAL_ACCENT_COLOR_NAME = AccentColor;
				CODE_SIGN_STYLE = Automatic;
				CURRENT_PROJECT_VERSION = 1;
				DEVELOPMENT_ASSET_PATHS = "\"Notas/Preview Content\"";
				DEVELOPMENT_TEAM = 57XEBN6426;
				ENABLE_PREVIEWS = YES;
				GENERATE_INFOPLIST_FILE = YES;
				INFOPLIST_KEY_UIApplicationSceneManifest_Generation = YES;
				INFOPLIST_KEY_UIApplicationSupportsIndirectInputEvents = YES;
				INFOPLIST_KEY_UILaunchScreen_Generation = YES;
				INFOPLIST_KEY_UISupportedInterfaceOrientations_iPad = "UIInterfaceOrientationPortrait UIInterfaceOrientationPortraitUpsideDown UIInterfaceOrientationLandscapeLeft UIInterfaceOrientationLandscapeRight";
				INFOPLIST_KEY_UISupportedInterfaceOrientations_iPhone = "UIInterfaceOrientationPortrait UIInterfaceOrientationLandscapeLeft UIInterfaceOrientationLandscapeRight";
				LD_RUNPATH_SEARCH_PATHS = (
					"$(inherited)",
					"@executable_path/Frameworks",
				);
				MARKETING_VERSION = 1.0;
				PRODUCT_BUNDLE_IDENTIFIER = JLSPG.Notas;
				PRODUCT_NAME = "$(TARGET_NAME)";
				SWIFT_EMIT_LOC_STRINGS = YES;
				SWIFT_VERSION = 5.0;
				TARGETED_DEVICE_FAMILY = "1,2";
			};
			name = Debug;
		};
		6FE3DA8B2BFCADCB0011776A /* Release */ = {
			isa = XCBuildConfiguration;
			buildSettings = {
				ASSETCATALOG_COMPILER_APPICON_NAME = AppIcon;
				ASSETCATALOG_COMPILER_GLOBAL_ACCENT_COLOR_NAME = AccentColor;
				CODE_SIGN_STYLE = Automatic;
				CURRENT_PROJECT_VERSION = 1;
				DEVELOPMENT_ASSET_PATHS = "\"Notas/Preview Content\"";
				DEVELOPMENT_TEAM = 57XEBN6426;
				ENABLE_PREVIEWS = YES;
				GENERATE_INFOPLIST_FILE = YES;
				INFOPLIST_KEY_UIApplicationSceneManifest_Generation = YES;
				INFOPLIST_KEY_UIApplicationSupportsIndirectInputEvents = YES;
				INFOPLIST_KEY_UILaunchScreen_Generation = YES;
				INFOPLIST_KEY_UISupportedInterfaceOrientations_iPad = "UIInterfaceOrientationPortrait UIInterfaceOrientationPortraitUpsideDown UIInterfaceOrientationLandscapeLeft UIInterfaceOrientationLandscapeRight";
				INFOPLIST_KEY_UISupportedInterfaceOrientations_iPhone = "UIInterfaceOrientationPortrait UIInterfaceOrientationLandscapeLeft UIInterfaceOrientationLandscapeRight";
				LD_RUNPATH_SEARCH_PATHS = (
					"$(inherited)",
					"@executable_path/Frameworks",
				);
				MARKETING_VERSION = 1.0;
				PRODUCT_BUNDLE_IDENTIFIER = JLSPG.Notas;
				PRODUCT_NAME = "$(TARGET_NAME)";
				SWIFT_EMIT_LOC_STRINGS = YES;
				SWIFT_VERSION = 5.0;
				TARGETED_DEVICE_FAMILY = "1,2";
			};
			name = Release;
		};
		6FE3DAA12BFCBA9B0011776A /* Debug */ = {
			isa = XCBuildConfiguration;
			buildSettings = {
				BUNDLE_LOADER = "$(TEST_HOST)";
				CODE_SIGN_STYLE = Automatic;
				CURRENT_PROJECT_VERSION = 1;
				DEVELOPMENT_TEAM = 57XEBN6426;
				GENERATE_INFOPLIST_FILE = YES;
				MARKETING_VERSION = 1.0;
				PRODUCT_BUNDLE_IDENTIFIER = JLSPG.NotasTests;
				PRODUCT_NAME = "$(TARGET_NAME)";
				SWIFT_EMIT_LOC_STRINGS = NO;
				SWIFT_VERSION = 5.0;
				TARGETED_DEVICE_FAMILY = "1,2";
				TEST_HOST = "$(BUILT_PRODUCTS_DIR)/Notas.app/$(BUNDLE_EXECUTABLE_FOLDER_PATH)/Notas";
			};
			name = Debug;
		};
		6FE3DAA22BFCBA9B0011776A /* Release */ = {
			isa = XCBuildConfiguration;
			buildSettings = {
				BUNDLE_LOADER = "$(TEST_HOST)";
				CODE_SIGN_STYLE = Automatic;
				CURRENT_PROJECT_VERSION = 1;
				DEVELOPMENT_TEAM = 57XEBN6426;
				GENERATE_INFOPLIST_FILE = YES;
				MARKETING_VERSION = 1.0;
				PRODUCT_BUNDLE_IDENTIFIER = JLSPG.NotasTests;
				PRODUCT_NAME = "$(TARGET_NAME)";
				SWIFT_EMIT_LOC_STRINGS = NO;
				SWIFT_VERSION = 5.0;
				TARGETED_DEVICE_FAMILY = "1,2";
				TEST_HOST = "$(BUILT_PRODUCTS_DIR)/Notas.app/$(BUNDLE_EXECUTABLE_FOLDER_PATH)/Notas";
			};
			name = Release;
		};
/* End XCBuildConfiguration section */

/* Begin XCConfigurationList section */
		6FE3DA742BFCADC90011776A /* Build configuration list for PBXProject "Notas" */ = {
			isa = XCConfigurationList;
			buildConfigurations = (
				6FE3DA872BFCADCB0011776A /* Debug */,
				6FE3DA882BFCADCB0011776A /* Release */,
			);
			defaultConfigurationIsVisible = 0;
			defaultConfigurationName = Release;
		};
		6FE3DA892BFCADCB0011776A /* Build configuration list for PBXNativeTarget "Notas" */ = {
			isa = XCConfigurationList;
			buildConfigurations = (
				6FE3DA8A2BFCADCB0011776A /* Debug */,
				6FE3DA8B2BFCADCB0011776A /* Release */,
			);
			defaultConfigurationIsVisible = 0;
			defaultConfigurationName = Release;
		};
		6FE3DAA02BFCBA9B0011776A /* Build configuration list for PBXNativeTarget "NotasTests" */ = {
			isa = XCConfigurationList;
			buildConfigurations = (
				6FE3DAA12BFCBA9B0011776A /* Debug */,
				6FE3DAA22BFCBA9B0011776A /* Release */,
			);
			defaultConfigurationIsVisible = 0;
			defaultConfigurationName = Release;
		};
/* End XCConfigurationList section */

/* Begin XCRemoteSwiftPackageReference section */
		6FE813BE2BFF135800B84350 /* XCRemoteSwiftPackageReference "swift-snapshot-testing" */ = {
			isa = XCRemoteSwiftPackageReference;
			repositoryURL = "https://github.com/pointfreeco/swift-snapshot-testing";
			requirement = {
				kind = upToNextMajorVersion;
				minimumVersion = 1.16.0;
			};
		};
/* End XCRemoteSwiftPackageReference section */

/* Begin XCSwiftPackageProductDependency section */
		6FE665832BFF173D004260F7 /* InlineSnapshotTesting */ = {
			isa = XCSwiftPackageProductDependency;
			package = 6FE813BE2BFF135800B84350 /* XCRemoteSwiftPackageReference "swift-snapshot-testing" */;
			productName = InlineSnapshotTesting;
		};
		6FE665852BFF173D004260F7 /* SnapshotTesting */ = {
			isa = XCSwiftPackageProductDependency;
			package = 6FE813BE2BFF135800B84350 /* XCRemoteSwiftPackageReference "swift-snapshot-testing" */;
			productName = SnapshotTesting;
		};
/* End XCSwiftPackageProductDependency section */
	};
	rootObject = 6FE3DA712BFCADC90011776A /* Project object */;
}
